{
  "originHash" : "319ea5af4ecd66fc0186b6088b2bf78d880480d83f76ddd1af4fb9f44fc8eac4",
  "pins" : [
    {
      "identity" : "kanna",
      "kind" : "remoteSourceControl",
      "location" : "https://github.com/tid-kijyun/Kanna.git",
      "state" : {
        "revision" : "a23a4584f8e7de07cab420ae4d51eee553dd988d",
        "version" : "6.0.1"
      }
    },
    {
      "identity" : "swift-async-algorithms",
      "kind" : "remoteSourceControl",
      "location" : "https://github.com/apple/swift-async-algorithms.git",
      "state" : {
        "revision" : "042e1c4d9d19748c9c228f8d4ebc97bb1e339b0b",
        "version" : "1.0.4"
      }
    },
    {
      "identity" : "swift-atomics",
      "kind" : "remoteSourceControl",
      "location" : "https://github.com/apple/swift-atomics.git",
      "state" : {
        "revision" : "cd142fd2f64be2100422d658e7411e39489da985",
        "version" : "1.2.0"
      }
    },
    {
      "identity" : "swift-aws-lambda-events",
      "kind" : "remoteSourceControl",
      "location" : "https://github.com/swift-server/swift-aws-lambda-events.git",
      "state" : {
        "revision" : "5aa3a6305864a2060b69f30cf3e24f4a2b5b16ba",
        "version" : "1.2.1"
      }
    },
    {
      "identity" : "swift-aws-lambda-runtime",
      "kind" : "remoteSourceControl",
      "location" : "https://github.com/swift-server/swift-aws-lambda-runtime.git",
      "state" : {
        "revision" : "461c18af6f944f6324fcf21cd4ce8ac12f38d66b",
        "version" : "2.1.0"
      }
    },
    {
      "identity" : "swift-collections",
      "kind" : "remoteSourceControl",
      "location" : "https://github.com/apple/swift-collections",
      "state" : {
        "revision" : "671108c96644956dddcd89dd59c203dcdb36cec7",
        "version" : "1.1.4"
      }
    },
    {
      "identity" : "swift-http-types",
      "kind" : "remoteSourceControl",
      "location" : "https://github.com/apple/swift-http-types.git",
      "state" : {
        "revision" : "a0a57e949a8903563aba4615869310c0ebf14c03",
        "version" : "1.4.0"
      }
    },
    {
      "identity" : "swift-log",
      "kind" : "remoteSourceControl",
      "location" : "https://github.com/apple/swift-log.git",
      "state" : {
        "revision" : "3d8596ed08bd13520157f0355e35caed215ffbfa",
        "version" : "1.6.3"
      }
    },
    {
      "identity" : "swift-nio",
      "kind" : "remoteSourceControl",
      "location" : "https://github.com/apple/swift-nio.git",
      "state" : {
        "revision" : "0f54d58bb5db9e064f332e8524150de379d1e51c",
        "version" : "2.82.1"
      }
    },
    {
      "identity" : "swift-service-lifecycle",
      "kind" : "remoteSourceControl",
      "location" : "https://github.com/swift-server/swift-service-lifecycle.git",
      "state" : {
        "revision" : "1de37290c0ab3c5a96028e0f02911b672fd42348",
        "version" : "2.9.1"
      }
    },
    {
      "identity" : "swift-system",
      "kind" : "remoteSourceControl",
      "location" : "https://github.com/apple/swift-system.git",
      "state" : {
        "revision" : "a34201439c74b53f0fd71ef11741af7e7caf01e1",
        "version" : "1.4.2"
      }
    }
  ],
  "version" : 3
}
